
Microsoft Visual Studio Solution File, Format Version 12.00
# Visual Studio Version 17
VisualStudioVersion = 17.14.36811.4 d17.14
MinimumVisualStudioVersion = 10.0.40219.1
Project("{FAE04EC0-301F-11D3-BF4B-00C04F79EFBC}") = "AKNOVABROW", "AKNOVABROW.csproj", "{6E338094-BB41-4A35-A0C2-4B3C4A8A82F9}"
EndProject
Global
	GlobalSection(SolutionConfigurationPlatforms) = preSolution
		Debug|Any CPU = Debug|Any CPU
		Release|Any CPU = Release|Any CPU
	EndGlobalSection
	GlobalSection(ProjectConfigurationPlatforms) = postSolution
		{6E338094-BB41-4A35-A0C2-4B3C4A8A82F9}.Debug|Any CPU.ActiveCfg = Debug|Any CPU
		{6E338094-BB41-4A35-A0C2-4B3C4A8A82F9}.Debug|Any CPU.Build.0 = Debug|Any CPU
		{6E338094-BB41-4A35-A0C2-4B3C4A8A82F9}.Release|Any CPU.ActiveCfg = Release|Any CPU
		{6E338094-BB41-4A35-A0C2-4B3C4A8A82F9}.Release|Any CPU.Build.0 = Release|Any CPU
	EndGlobalSection
	GlobalSection(SolutionProperties) = preSolution
		HideSolutionNode = FALSE
	EndGlobalSection
	GlobalSection(ExtensibilityGlobals) = postSolution
		SolutionGuid = {DDD436D4-50E0-4A83-ADDB-4BD7BAEE0C5C}
	EndGlobalSection
EndGlobal
